// !$*UTF8*$!
{
	archiveVersion = 1;
	classes = {
	};
	objectVersion = 48;
	objects = {

/* Begin PBXBuildFile section */
		0E3EF1622303326B00B27341 /* EnergyDrink.swift in Sources */ = {isa = PBXBuildFile; fileRef = 0E3EF1612303326B00B27341 /* EnergyDrink.swift */; };
		0E3EF1642303331D00B27341 /* StrawberryMilk.swift in Sources */ = {isa = PBXBuildFile; fileRef = 0E3EF1632303331D00B27341 /* StrawberryMilk.swift */; };
		0E3EF1662303361900B27341 /* Cola.swift in Sources */ = {isa = PBXBuildFile; fileRef = 0E3EF1652303361900B27341 /* Cola.swift */; };
		0E3EF168230337C600B27341 /* Americano.swift in Sources */ = {isa = PBXBuildFile; fileRef = 0E3EF167230337C600B27341 /* Americano.swift */; };
		0E3EF16A23033BF700B27341 /* ChocolateMilk.swift in Sources */ = {isa = PBXBuildFile; fileRef = 0E3EF16923033BF700B27341 /* ChocolateMilk.swift */; };
		0E3EF16C2303457200B27341 /* MilkTests.swift in Sources */ = {isa = PBXBuildFile; fileRef = 0E3EF16B2303457200B27341 /* MilkTests.swift */; };
		0E3EF16E2303458E00B27341 /* SodaTests.swift in Sources */ = {isa = PBXBuildFile; fileRef = 0E3EF16D2303458E00B27341 /* SodaTests.swift */; };
		0E3EF170230345C900B27341 /* CoffeeTests.swift in Sources */ = {isa = PBXBuildFile; fileRef = 0E3EF16F230345C900B27341 /* CoffeeTests.swift */; };
		0E3EF1712303465400B27341 /* Americano.swift in Sources */ = {isa = PBXBuildFile; fileRef = 0E3EF167230337C600B27341 /* Americano.swift */; };
		0E3EF1722303465C00B27341 /* EnergyDrink.swift in Sources */ = {isa = PBXBuildFile; fileRef = 0E3EF1612303326B00B27341 /* EnergyDrink.swift */; };
		0E3EF1732303466100B27341 /* Cola.swift in Sources */ = {isa = PBXBuildFile; fileRef = 0E3EF1652303361900B27341 /* Cola.swift */; };
		0E3EF1742303466500B27341 /* StrawberryMilk.swift in Sources */ = {isa = PBXBuildFile; fileRef = 0E3EF1632303331D00B27341 /* StrawberryMilk.swift */; };
		0E3EF1752303466700B27341 /* ChocolateMilk.swift in Sources */ = {isa = PBXBuildFile; fileRef = 0E3EF16923033BF700B27341 /* ChocolateMilk.swift */; };
		0E3F1D972302820500FC08DC /* Beverage.swift in Sources */ = {isa = PBXBuildFile; fileRef = 0E3F1D962302820500FC08DC /* Beverage.swift */; };
		0E3F1D9B2302824900FC08DC /* Extensions.swift in Sources */ = {isa = PBXBuildFile; fileRef = 0E3F1D9A2302824900FC08DC /* Extensions.swift */; };
		0E3F1D9E2302832A00FC08DC /* Milk.swift in Sources */ = {isa = PBXBuildFile; fileRef = 0E3F1D9D2302832A00FC08DC /* Milk.swift */; };
		0E3F1DA62302835700FC08DC /* BeverageTests.swift in Sources */ = {isa = PBXBuildFile; fileRef = 0E3F1DA52302835700FC08DC /* BeverageTests.swift */; };
		0E3F1DAB2302836800FC08DC /* Milk.swift in Sources */ = {isa = PBXBuildFile; fileRef = 0E3F1D9D2302832A00FC08DC /* Milk.swift */; };
		0E3F1DAC2302836A00FC08DC /* Beverage.swift in Sources */ = {isa = PBXBuildFile; fileRef = 0E3F1D962302820500FC08DC /* Beverage.swift */; };
		0E3F1DAD2302836C00FC08DC /* Extensions.swift in Sources */ = {isa = PBXBuildFile; fileRef = 0E3F1D9A2302824900FC08DC /* Extensions.swift */; };
		0E3F1DB023028D9F00FC08DC /* Soda.swift in Sources */ = {isa = PBXBuildFile; fileRef = 0E3F1DAF23028D9F00FC08DC /* Soda.swift */; };
		0E3F1DB12302903800FC08DC /* Soda.swift in Sources */ = {isa = PBXBuildFile; fileRef = 0E3F1DAF23028D9F00FC08DC /* Soda.swift */; };
		0E3F1DB42302906800FC08DC /* Coffee.swift in Sources */ = {isa = PBXBuildFile; fileRef = 0E3F1DB32302906800FC08DC /* Coffee.swift */; };
		0E3F1DB52302928E00FC08DC /* Coffee.swift in Sources */ = {isa = PBXBuildFile; fileRef = 0E3F1DB32302906800FC08DC /* Coffee.swift */; };
		0E3F1DB92302A31F00FC08DC /* CafeLatte.swift in Sources */ = {isa = PBXBuildFile; fileRef = 0E3F1DB82302A31F00FC08DC /* CafeLatte.swift */; };
		0E3F1DBA2302A34100FC08DC /* CafeLatte.swift in Sources */ = {isa = PBXBuildFile; fileRef = 0E3F1DB82302A31F00FC08DC /* CafeLatte.swift */; };
		839DA90D1F8D1F95009E05F3 /* main.swift in Sources */ = {isa = PBXBuildFile; fileRef = 839DA90C1F8D1F95009E05F3 /* main.swift */; };
		9F300279A87BABAE92F95450 /* Pods_VendingMachine.framework in Frameworks */ = {isa = PBXBuildFile; fileRef = FFD65AA3BB7CF46929BDD741 /* Pods_VendingMachine.framework */; };
/* End PBXBuildFile section */

/* Begin PBXCopyFilesBuildPhase section */
		839DA9071F8D1F95009E05F3 /* CopyFiles */ = {
			isa = PBXCopyFilesBuildPhase;
			buildActionMask = 2147483647;
			dstPath = /usr/share/man/man1/;
			dstSubfolderSpec = 0;
			files = (
			);
			runOnlyForDeploymentPostprocessing = 1;
		};
/* End PBXCopyFilesBuildPhase section */

/* Begin PBXFileReference section */
		0E150D1123037E2F003F928F /* .swiftlint.yml */ = {isa = PBXFileReference; lastKnownFileType = text; path = .swiftlint.yml; sourceTree = "<group>"; };
		0E3EF1612303326B00B27341 /* EnergyDrink.swift */ = {isa = PBXFileReference; lastKnownFileType = sourcecode.swift; path = EnergyDrink.swift; sourceTree = "<group>"; };
		0E3EF1632303331D00B27341 /* StrawberryMilk.swift */ = {isa = PBXFileReference; lastKnownFileType = sourcecode.swift; path = StrawberryMilk.swift; sourceTree = "<group>"; };
		0E3EF1652303361900B27341 /* Cola.swift */ = {isa = PBXFileReference; lastKnownFileType = sourcecode.swift; path = Cola.swift; sourceTree = "<group>"; };
		0E3EF167230337C600B27341 /* Americano.swift */ = {isa = PBXFileReference; lastKnownFileType = sourcecode.swift; path = Americano.swift; sourceTree = "<group>"; };
		0E3EF16923033BF700B27341 /* ChocolateMilk.swift */ = {isa = PBXFileReference; lastKnownFileType = sourcecode.swift; path = ChocolateMilk.swift; sourceTree = "<group>"; };
		0E3EF16B2303457200B27341 /* MilkTests.swift */ = {isa = PBXFileReference; lastKnownFileType = sourcecode.swift; path = MilkTests.swift; sourceTree = "<group>"; };
		0E3EF16D2303458E00B27341 /* SodaTests.swift */ = {isa = PBXFileReference; lastKnownFileType = sourcecode.swift; path = SodaTests.swift; sourceTree = "<group>"; };
		0E3EF16F230345C900B27341 /* CoffeeTests.swift */ = {isa = PBXFileReference; lastKnownFileType = sourcecode.swift; path = CoffeeTests.swift; sourceTree = "<group>"; };
		0E3F1D962302820500FC08DC /* Beverage.swift */ = {isa = PBXFileReference; lastKnownFileType = sourcecode.swift; path = Beverage.swift; sourceTree = "<group>"; };
		0E3F1D9A2302824900FC08DC /* Extensions.swift */ = {isa = PBXFileReference; lastKnownFileType = sourcecode.swift; path = Extensions.swift; sourceTree = "<group>"; };
		0E3F1D9D2302832A00FC08DC /* Milk.swift */ = {isa = PBXFileReference; lastKnownFileType = sourcecode.swift; path = Milk.swift; sourceTree = "<group>"; };
		0E3F1DA32302835700FC08DC /* BeverageTests.xctest */ = {isa = PBXFileReference; explicitFileType = wrapper.cfbundle; includeInIndex = 0; path = BeverageTests.xctest; sourceTree = BUILT_PRODUCTS_DIR; };
		0E3F1DA52302835700FC08DC /* BeverageTests.swift */ = {isa = PBXFileReference; lastKnownFileType = sourcecode.swift; path = BeverageTests.swift; sourceTree = "<group>"; };
		0E3F1DA72302835700FC08DC /* Info.plist */ = {isa = PBXFileReference; lastKnownFileType = text.plist.xml; path = Info.plist; sourceTree = "<group>"; };
		0E3F1DAF23028D9F00FC08DC /* Soda.swift */ = {isa = PBXFileReference; lastKnownFileType = sourcecode.swift; path = Soda.swift; sourceTree = "<group>"; };
		0E3F1DB32302906800FC08DC /* Coffee.swift */ = {isa = PBXFileReference; lastKnownFileType = sourcecode.swift; path = Coffee.swift; sourceTree = "<group>"; };
		0E3F1DB82302A31F00FC08DC /* CafeLatte.swift */ = {isa = PBXFileReference; lastKnownFileType = sourcecode.swift; path = CafeLatte.swift; sourceTree = "<group>"; };
		839DA9091F8D1F95009E05F3 /* VendingMachine */ = {isa = PBXFileReference; explicitFileType = "compiled.mach-o.executable"; includeInIndex = 0; path = VendingMachine; sourceTree = BUILT_PRODUCTS_DIR; };
		839DA90C1F8D1F95009E05F3 /* main.swift */ = {isa = PBXFileReference; lastKnownFileType = sourcecode.swift; path = main.swift; sourceTree = "<group>"; };
		898DF366FEC6F82668986051 /* Pods-VendingMachine.debug.xcconfig */ = {isa = PBXFileReference; includeInIndex = 1; lastKnownFileType = text.xcconfig; name = "Pods-VendingMachine.debug.xcconfig"; path = "Target Support Files/Pods-VendingMachine/Pods-VendingMachine.debug.xcconfig"; sourceTree = "<group>"; };
		A61E9FD29F9288D60E8918E9 /* Pods-VendingMachine.release.xcconfig */ = {isa = PBXFileReference; includeInIndex = 1; lastKnownFileType = text.xcconfig; name = "Pods-VendingMachine.release.xcconfig"; path = "Target Support Files/Pods-VendingMachine/Pods-VendingMachine.release.xcconfig"; sourceTree = "<group>"; };
		FFD65AA3BB7CF46929BDD741 /* Pods_VendingMachine.framework */ = {isa = PBXFileReference; explicitFileType = wrapper.framework; includeInIndex = 0; path = Pods_VendingMachine.framework; sourceTree = BUILT_PRODUCTS_DIR; };
/* End PBXFileReference section */

/* Begin PBXFrameworksBuildPhase section */
		0E3F1DA02302835700FC08DC /* Frameworks */ = {
			isa = PBXFrameworksBuildPhase;
			buildActionMask = 2147483647;
			files = (
			);
			runOnlyForDeploymentPostprocessing = 0;
		};
		839DA9061F8D1F95009E05F3 /* Frameworks */ = {
			isa = PBXFrameworksBuildPhase;
			buildActionMask = 2147483647;
			files = (
				9F300279A87BABAE92F95450 /* Pods_VendingMachine.framework in Frameworks */,
			);
			runOnlyForDeploymentPostprocessing = 0;
		};
/* End PBXFrameworksBuildPhase section */

/* Begin PBXGroup section */
		0E3F1D95230281F700FC08DC /* Class */ = {
			isa = PBXGroup;
			children = (
				0E3F1DB22302905B00FC08DC /* Coffee */,
				0E3F1DAE23028D8800FC08DC /* Soda */,
				0E3F1D9C230282DF00FC08DC /* Milk */,
				0E3F1D962302820500FC08DC /* Beverage.swift */,
			);
			path = Class;
			sourceTree = "<group>";
		};
		0E3F1D982302822300FC08DC /* Util */ = {
			isa = PBXGroup;
			children = (
				0E3F1D9A2302824900FC08DC /* Extensions.swift */,
			);
			path = Util;
			sourceTree = "<group>";
		};
		0E3F1D9C230282DF00FC08DC /* Milk */ = {
			isa = PBXGroup;
			children = (
				0E3F1D9D2302832A00FC08DC /* Milk.swift */,
				0E3EF1632303331D00B27341 /* StrawberryMilk.swift */,
				0E3EF16923033BF700B27341 /* ChocolateMilk.swift */,
			);
			path = Milk;
			sourceTree = "<group>";
		};
		0E3F1DA42302835700FC08DC /* BeverageTests */ = {
			isa = PBXGroup;
			children = (
				0E3EF16F230345C900B27341 /* CoffeeTests.swift */,
				0E3EF16D2303458E00B27341 /* SodaTests.swift */,
				0E3EF16B2303457200B27341 /* MilkTests.swift */,
				0E3F1DA52302835700FC08DC /* BeverageTests.swift */,
				0E3F1DA72302835700FC08DC /* Info.plist */,
			);
			path = BeverageTests;
			sourceTree = "<group>";
		};
		0E3F1DAE23028D8800FC08DC /* Soda */ = {
			isa = PBXGroup;
			children = (
				0E3F1DAF23028D9F00FC08DC /* Soda.swift */,
				0E3EF1612303326B00B27341 /* EnergyDrink.swift */,
				0E3EF1652303361900B27341 /* Cola.swift */,
			);
			path = Soda;
			sourceTree = "<group>";
		};
		0E3F1DB22302905B00FC08DC /* Coffee */ = {
			isa = PBXGroup;
			children = (
				0E3F1DB32302906800FC08DC /* Coffee.swift */,
				0E3F1DB82302A31F00FC08DC /* CafeLatte.swift */,
				0E3EF167230337C600B27341 /* Americano.swift */,
			);
			path = Coffee;
			sourceTree = "<group>";
		};
		31DCB2DACB2F1EEB2AE03EBF /* Pods */ = {
			isa = PBXGroup;
			children = (
				898DF366FEC6F82668986051 /* Pods-VendingMachine.debug.xcconfig */,
				A61E9FD29F9288D60E8918E9 /* Pods-VendingMachine.release.xcconfig */,
			);
			path = Pods;
			sourceTree = "<group>";
		};
		839DA9001F8D1F95009E05F3 = {
			isa = PBXGroup;
			children = (
				839DA90B1F8D1F95009E05F3 /* VendingMachine */,
				0E3F1DA42302835700FC08DC /* BeverageTests */,
				839DA90A1F8D1F95009E05F3 /* Products */,
				31DCB2DACB2F1EEB2AE03EBF /* Pods */,
				A7E91A6B80EBB6FF77AAC8D8 /* Frameworks */,
			);
			sourceTree = "<group>";
		};
		839DA90A1F8D1F95009E05F3 /* Products */ = {
			isa = PBXGroup;
			children = (
				839DA9091F8D1F95009E05F3 /* VendingMachine */,
				0E3F1DA32302835700FC08DC /* BeverageTests.xctest */,
			);
			name = Products;
			sourceTree = "<group>";
		};
		839DA90B1F8D1F95009E05F3 /* VendingMachine */ = {
			isa = PBXGroup;
			children = (
				0E3F1D982302822300FC08DC /* Util */,
				0E3F1D95230281F700FC08DC /* Class */,
				839DA90C1F8D1F95009E05F3 /* main.swift */,
				0E150D1123037E2F003F928F /* .swiftlint.yml */,
			);
			path = VendingMachine;
			sourceTree = "<group>";
		};
		A7E91A6B80EBB6FF77AAC8D8 /* Frameworks */ = {
			isa = PBXGroup;
			children = (
				FFD65AA3BB7CF46929BDD741 /* Pods_VendingMachine.framework */,
			);
			name = Frameworks;
			sourceTree = "<group>";
		};
/* End PBXGroup section */

/* Begin PBXNativeTarget section */
		0E3F1DA22302835700FC08DC /* BeverageTests */ = {
			isa = PBXNativeTarget;
			buildConfigurationList = 0E3F1DA82302835700FC08DC /* Build configuration list for PBXNativeTarget "BeverageTests" */;
			buildPhases = (
				0E3F1D9F2302835700FC08DC /* Sources */,
				0E3F1DA02302835700FC08DC /* Frameworks */,
				0E3F1DA12302835700FC08DC /* Resources */,
			);
			buildRules = (
			);
			dependencies = (
			);
			name = BeverageTests;
			productName = BeverageTests;
			productReference = 0E3F1DA32302835700FC08DC /* BeverageTests.xctest */;
			productType = "com.apple.product-type.bundle.unit-test";
		};
		839DA9081F8D1F95009E05F3 /* VendingMachine */ = {
			isa = PBXNativeTarget;
			buildConfigurationList = 839DA9101F8D1F95009E05F3 /* Build configuration list for PBXNativeTarget "VendingMachine" */;
			buildPhases = (
				3F2490C758744385328C8D19 /* [CP] Check Pods Manifest.lock */,
				839DA9051F8D1F95009E05F3 /* Sources */,
				839DA9061F8D1F95009E05F3 /* Frameworks */,
				839DA9071F8D1F95009E05F3 /* CopyFiles */,
				0E150D0E23037C95003F928F /* ShellScript */,
			);
			buildRules = (
			);
			dependencies = (
			);
			name = VendingMachine;
			productName = VendingMachine;
			productReference = 839DA9091F8D1F95009E05F3 /* VendingMachine */;
			productType = "com.apple.product-type.tool";
		};
/* End PBXNativeTarget section */

/* Begin PBXProject section */
		839DA9011F8D1F95009E05F3 /* Project object */ = {
			isa = PBXProject;
			attributes = {
				LastSwiftUpdateCheck = 1020;
				LastUpgradeCheck = 1100;
				ORGANIZATIONNAME = JK;
				TargetAttributes = {
					0E3F1DA22302835700FC08DC = {
						CreatedOnToolsVersion = 10.2.1;
						ProvisioningStyle = Automatic;
					};
					839DA9081F8D1F95009E05F3 = {
						CreatedOnToolsVersion = 9.0;
						LastSwiftMigration = 1100;
						ProvisioningStyle = Automatic;
					};
				};
			};
			buildConfigurationList = 839DA9041F8D1F95009E05F3 /* Build configuration list for PBXProject "VendingMachine" */;
			compatibilityVersion = "Xcode 8.0";
			developmentRegion = en;
			hasScannedForEncodings = 0;
			knownRegions = (
				en,
				Base,
			);
			mainGroup = 839DA9001F8D1F95009E05F3;
			productRefGroup = 839DA90A1F8D1F95009E05F3 /* Products */;
			projectDirPath = "";
			projectRoot = "";
			targets = (
				839DA9081F8D1F95009E05F3 /* VendingMachine */,
				0E3F1DA22302835700FC08DC /* BeverageTests */,
			);
		};
/* End PBXProject section */

/* Begin PBXResourcesBuildPhase section */
		0E3F1DA12302835700FC08DC /* Resources */ = {
			isa = PBXResourcesBuildPhase;
			buildActionMask = 2147483647;
			files = (
			);
			runOnlyForDeploymentPostprocessing = 0;
		};
/* End PBXResourcesBuildPhase section */

/* Begin PBXShellScriptBuildPhase section */
		0E150D0E23037C95003F928F /* ShellScript */ = {
			isa = PBXShellScriptBuildPhase;
			buildActionMask = 2147483647;
			files = (
			);
			inputFileListPaths = (
			);
			inputPaths = (
			);
			outputFileListPaths = (
			);
			outputPaths = (
			);
			runOnlyForDeploymentPostprocessing = 0;
			shellPath = /bin/sh;
			shellScript = "${PODS_ROOT}/SwiftLint/swiftlint\n";
		};
		3F2490C758744385328C8D19 /* [CP] Check Pods Manifest.lock */ = {
			isa = PBXShellScriptBuildPhase;
			buildActionMask = 2147483647;
			files = (
			);
			inputFileListPaths = (
			);
			inputPaths = (
				"${PODS_PODFILE_DIR_PATH}/Podfile.lock",
				"${PODS_ROOT}/Manifest.lock",
			);
			name = "[CP] Check Pods Manifest.lock";
			outputFileListPaths = (
			);
			outputPaths = (
				"$(DERIVED_FILE_DIR)/Pods-VendingMachine-checkManifestLockResult.txt",
			);
			runOnlyForDeploymentPostprocessing = 0;
			shellPath = /bin/sh;
			shellScript = "diff \"${PODS_PODFILE_DIR_PATH}/Podfile.lock\" \"${PODS_ROOT}/Manifest.lock\" > /dev/null\nif [ $? != 0 ] ; then\n    # print error to STDERR\n    echo \"error: The sandbox is not in sync with the Podfile.lock. Run 'pod install' or update your CocoaPods installation.\" >&2\n    exit 1\nfi\n# This output is used by Xcode 'outputs' to avoid re-running this script phase.\necho \"SUCCESS\" > \"${SCRIPT_OUTPUT_FILE_0}\"\n";
			showEnvVarsInLog = 0;
		};
/* End PBXShellScriptBuildPhase section */

/* Begin PBXSourcesBuildPhase section */
		0E3F1D9F2302835700FC08DC /* Sources */ = {
			isa = PBXSourcesBuildPhase;
			buildActionMask = 2147483647;
			files = (
				0E3F1DAC2302836A00FC08DC /* Beverage.swift in Sources */,
				0E3EF170230345C900B27341 /* CoffeeTests.swift in Sources */,
				0E3F1DAB2302836800FC08DC /* Milk.swift in Sources */,
				0E3EF16C2303457200B27341 /* MilkTests.swift in Sources */,
				0E3F1DA62302835700FC08DC /* BeverageTests.swift in Sources */,
				0E3F1DAD2302836C00FC08DC /* Extensions.swift in Sources */,
				0E3F1DBA2302A34100FC08DC /* CafeLatte.swift in Sources */,
				0E3EF1742303466500B27341 /* StrawberryMilk.swift in Sources */,
				0E3F1DB12302903800FC08DC /* Soda.swift in Sources */,
				0E3EF16E2303458E00B27341 /* SodaTests.swift in Sources */,
				0E3F1DB52302928E00FC08DC /* Coffee.swift in Sources */,
				0E3EF1722303465C00B27341 /* EnergyDrink.swift in Sources */,
				0E3EF1752303466700B27341 /* ChocolateMilk.swift in Sources */,
				0E3EF1732303466100B27341 /* Cola.swift in Sources */,
				0E3EF1712303465400B27341 /* Americano.swift in Sources */,
			);
			runOnlyForDeploymentPostprocessing = 0;
		};
		839DA9051F8D1F95009E05F3 /* Sources */ = {
			isa = PBXSourcesBuildPhase;
			buildActionMask = 2147483647;
			files = (
				0E3EF168230337C600B27341 /* Americano.swift in Sources */,
				0E3F1D972302820500FC08DC /* Beverage.swift in Sources */,
				0E3F1D9B2302824900FC08DC /* Extensions.swift in Sources */,
				0E3EF1622303326B00B27341 /* EnergyDrink.swift in Sources */,
				0E3F1DB92302A31F00FC08DC /* CafeLatte.swift in Sources */,
				0E3F1D9E2302832A00FC08DC /* Milk.swift in Sources */,
				839DA90D1F8D1F95009E05F3 /* main.swift in Sources */,
				0E3F1DB023028D9F00FC08DC /* Soda.swift in Sources */,
				0E3EF1662303361900B27341 /* Cola.swift in Sources */,
				0E3EF16A23033BF700B27341 /* ChocolateMilk.swift in Sources */,
				0E3F1DB42302906800FC08DC /* Coffee.swift in Sources */,
				0E3EF1642303331D00B27341 /* StrawberryMilk.swift in Sources */,
			);
			runOnlyForDeploymentPostprocessing = 0;
		};
/* End PBXSourcesBuildPhase section */

/* Begin XCBuildConfiguration section */
		0E3F1DA92302835700FC08DC /* Debug */ = {
			isa = XCBuildConfiguration;
			buildSettings = {
				CLANG_ENABLE_OBJC_WEAK = YES;
				CLANG_WARN_DEPRECATED_OBJC_IMPLEMENTATIONS = YES;
				CLANG_WARN_OBJC_IMPLICIT_RETAIN_SELF = YES;
				CODE_SIGN_IDENTITY = "Mac Developer";
				CODE_SIGN_STYLE = Automatic;
				COMBINE_HIDPI_IMAGES = YES;
				DEVELOPMENT_TEAM = 8BQHKQSA4Y;
				INFOPLIST_FILE = BeverageTests/Info.plist;
				LD_RUNPATH_SEARCH_PATHS = "$(inherited) @executable_path/../Frameworks @loader_path/../Frameworks";
				MACOSX_DEPLOYMENT_TARGET = 10.14;
				MTL_ENABLE_DEBUG_INFO = INCLUDE_SOURCE;
				MTL_FAST_MATH = YES;
				PRODUCT_BUNDLE_IDENTIFIER = developer.OOwl.BeverageTests;
				PRODUCT_NAME = "$(TARGET_NAME)";
				SWIFT_VERSION = 5.0;
			};
			name = Debug;
		};
		0E3F1DAA2302835700FC08DC /* Release */ = {
			isa = XCBuildConfiguration;
			buildSettings = {
				CLANG_ENABLE_OBJC_WEAK = YES;
				CLANG_WARN_DEPRECATED_OBJC_IMPLEMENTATIONS = YES;
				CLANG_WARN_OBJC_IMPLICIT_RETAIN_SELF = YES;
				CODE_SIGN_IDENTITY = "Mac Developer";
				CODE_SIGN_STYLE = Automatic;
				COMBINE_HIDPI_IMAGES = YES;
				DEVELOPMENT_TEAM = 8BQHKQSA4Y;
				INFOPLIST_FILE = BeverageTests/Info.plist;
				LD_RUNPATH_SEARCH_PATHS = "$(inherited) @executable_path/../Frameworks @loader_path/../Frameworks";
				MACOSX_DEPLOYMENT_TARGET = 10.14;
				MTL_FAST_MATH = YES;
				PRODUCT_BUNDLE_IDENTIFIER = developer.OOwl.BeverageTests;
				PRODUCT_NAME = "$(TARGET_NAME)";
				SWIFT_VERSION = 5.0;
			};
			name = Release;
		};
		839DA90E1F8D1F95009E05F3 /* Debug */ = {
			isa = XCBuildConfiguration;
			buildSettings = {
				ALWAYS_SEARCH_USER_PATHS = NO;
				CLANG_ANALYZER_NONNULL = YES;
				CLANG_ANALYZER_NUMBER_OBJECT_CONVERSION = YES_AGGRESSIVE;
				CLANG_CXX_LANGUAGE_STANDARD = "gnu++14";
				CLANG_CXX_LIBRARY = "libc++";
				CLANG_ENABLE_MODULES = YES;
				CLANG_ENABLE_OBJC_ARC = YES;
				CLANG_WARN_BLOCK_CAPTURE_AUTORELEASING = YES;
				CLANG_WARN_BOOL_CONVERSION = YES;
				CLANG_WARN_COMMA = YES;
				CLANG_WARN_CONSTANT_CONVERSION = YES;
				CLANG_WARN_DEPRECATED_OBJC_IMPLEMENTATIONS = YES;
				CLANG_WARN_DIRECT_OBJC_ISA_USAGE = YES_ERROR;
				CLANG_WARN_DOCUMENTATION_COMMENTS = YES;
				CLANG_WARN_EMPTY_BODY = YES;
				CLANG_WARN_ENUM_CONVERSION = YES;
				CLANG_WARN_INFINITE_RECURSION = YES;
				CLANG_WARN_INT_CONVERSION = YES;
				CLANG_WARN_NON_LITERAL_NULL_CONVERSION = YES;
				CLANG_WARN_OBJC_IMPLICIT_RETAIN_SELF = YES;
				CLANG_WARN_OBJC_LITERAL_CONVERSION = YES;
				CLANG_WARN_OBJC_ROOT_CLASS = YES_ERROR;
				CLANG_WARN_RANGE_LOOP_ANALYSIS = YES;
				CLANG_WARN_STRICT_PROTOTYPES = YES;
				CLANG_WARN_SUSPICIOUS_MOVE = YES;
				CLANG_WARN_UNGUARDED_AVAILABILITY = YES_AGGRESSIVE;
				CLANG_WARN_UNREACHABLE_CODE = YES;
				CLANG_WARN__DUPLICATE_METHOD_MATCH = YES;
				CODE_SIGN_IDENTITY = "-";
				COPY_PHASE_STRIP = NO;
				DEBUG_INFORMATION_FORMAT = dwarf;
				ENABLE_STRICT_OBJC_MSGSEND = YES;
				ENABLE_TESTABILITY = YES;
				GCC_C_LANGUAGE_STANDARD = gnu11;
				GCC_DYNAMIC_NO_PIC = NO;
				GCC_NO_COMMON_BLOCKS = YES;
				GCC_OPTIMIZATION_LEVEL = 0;
				GCC_PREPROCESSOR_DEFINITIONS = (
					"DEBUG=1",
					"$(inherited)",
				);
				GCC_WARN_64_TO_32_BIT_CONVERSION = YES;
				GCC_WARN_ABOUT_RETURN_TYPE = YES_ERROR;
				GCC_WARN_UNDECLARED_SELECTOR = YES;
				GCC_WARN_UNINITIALIZED_AUTOS = YES_AGGRESSIVE;
				GCC_WARN_UNUSED_FUNCTION = YES;
				GCC_WARN_UNUSED_VARIABLE = YES;
				MACOSX_DEPLOYMENT_TARGET = 10.13;
				MTL_ENABLE_DEBUG_INFO = YES;
				ONLY_ACTIVE_ARCH = YES;
				SDKROOT = macosx;
				SWIFT_ACTIVE_COMPILATION_CONDITIONS = DEBUG;
				SWIFT_OPTIMIZATION_LEVEL = "-Onone";
			};
			name = Debug;
		};
		839DA90F1F8D1F95009E05F3 /* Release */ = {
			isa = XCBuildConfiguration;
			buildSettings = {
				ALWAYS_SEARCH_USER_PATHS = NO;
				CLANG_ANALYZER_NONNULL = YES;
				CLANG_ANALYZER_NUMBER_OBJECT_CONVERSION = YES_AGGRESSIVE;
				CLANG_CXX_LANGUAGE_STANDARD = "gnu++14";
				CLANG_CXX_LIBRARY = "libc++";
				CLANG_ENABLE_MODULES = YES;
				CLANG_ENABLE_OBJC_ARC = YES;
				CLANG_WARN_BLOCK_CAPTURE_AUTORELEASING = YES;
				CLANG_WARN_BOOL_CONVERSION = YES;
				CLANG_WARN_COMMA = YES;
				CLANG_WARN_CONSTANT_CONVERSION = YES;
				CLANG_WARN_DEPRECATED_OBJC_IMPLEMENTATIONS = YES;
				CLANG_WARN_DIRECT_OBJC_ISA_USAGE = YES_ERROR;
				CLANG_WARN_DOCUMENTATION_COMMENTS = YES;
				CLANG_WARN_EMPTY_BODY = YES;
				CLANG_WARN_ENUM_CONVERSION = YES;
				CLANG_WARN_INFINITE_RECURSION = YES;
				CLANG_WARN_INT_CONVERSION = YES;
				CLANG_WARN_NON_LITERAL_NULL_CONVERSION = YES;
				CLANG_WARN_OBJC_IMPLICIT_RETAIN_SELF = YES;
				CLANG_WARN_OBJC_LITERAL_CONVERSION = YES;
				CLANG_WARN_OBJC_ROOT_CLASS = YES_ERROR;
				CLANG_WARN_RANGE_LOOP_ANALYSIS = YES;
				CLANG_WARN_STRICT_PROTOTYPES = YES;
				CLANG_WARN_SUSPICIOUS_MOVE = YES;
				CLANG_WARN_UNGUARDED_AVAILABILITY = YES_AGGRESSIVE;
				CLANG_WARN_UNREACHABLE_CODE = YES;
				CLANG_WARN__DUPLICATE_METHOD_MATCH = YES;
				CODE_SIGN_IDENTITY = "-";
				COPY_PHASE_STRIP = NO;
				DEBUG_INFORMATION_FORMAT = "dwarf-with-dsym";
				ENABLE_NS_ASSERTIONS = NO;
				ENABLE_STRICT_OBJC_MSGSEND = YES;
				GCC_C_LANGUAGE_STANDARD = gnu11;
				GCC_NO_COMMON_BLOCKS = YES;
				GCC_WARN_64_TO_32_BIT_CONVERSION = YES;
				GCC_WARN_ABOUT_RETURN_TYPE = YES_ERROR;
				GCC_WARN_UNDECLARED_SELECTOR = YES;
				GCC_WARN_UNINITIALIZED_AUTOS = YES_AGGRESSIVE;
				GCC_WARN_UNUSED_FUNCTION = YES;
				GCC_WARN_UNUSED_VARIABLE = YES;
				MACOSX_DEPLOYMENT_TARGET = 10.13;
				MTL_ENABLE_DEBUG_INFO = NO;
				SDKROOT = macosx;
				SWIFT_OPTIMIZATION_LEVEL = "-Owholemodule";
			};
			name = Release;
		};
		839DA9111F8D1F95009E05F3 /* Debug */ = {
			isa = XCBuildConfiguration;
			baseConfigurationReference = 898DF366FEC6F82668986051 /* Pods-VendingMachine.debug.xcconfig */;
			buildSettings = {
				CODE_SIGN_IDENTITY = "-";
				CODE_SIGN_STYLE = Automatic;
				PRODUCT_NAME = "$(TARGET_NAME)";
				SWIFT_VERSION = 5.0;
			};
			name = Debug;
		};
		839DA9121F8D1F95009E05F3 /* Release */ = {
			isa = XCBuildConfiguration;
			baseConfigurationReference = A61E9FD29F9288D60E8918E9 /* Pods-VendingMachine.release.xcconfig */;
			buildSettings = {
				CODE_SIGN_IDENTITY = "-";
				CODE_SIGN_STYLE = Automatic;
				PRODUCT_NAME = "$(TARGET_NAME)";
				SWIFT_VERSION = 5.0;
			};
			name = Release;
		};
/* End XCBuildConfiguration section */

/* Begin XCConfigurationList section */
		0E3F1DA82302835700FC08DC /* Build configuration list for PBXNativeTarget "BeverageTests" */ = {
			isa = XCConfigurationList;
			buildConfigurations = (
				0E3F1DA92302835700FC08DC /* Debug */,
				0E3F1DAA2302835700FC08DC /* Release */,
			);
			defaultConfigurationIsVisible = 0;
			defaultConfigurationName = Release;
		};
		839DA9041F8D1F95009E05F3 /* Build configuration list for PBXProject "VendingMachine" */ = {
			isa = XCConfigurationList;
			buildConfigurations = (
				839DA90E1F8D1F95009E05F3 /* Debug */,
				839DA90F1F8D1F95009E05F3 /* Release */,
			);
			defaultConfigurationIsVisible = 0;
			defaultConfigurationName = Release;
		};
		839DA9101F8D1F95009E05F3 /* Build configuration list for PBXNativeTarget "VendingMachine" */ = {
			isa = XCConfigurationList;
			buildConfigurations = (
				839DA9111F8D1F95009E05F3 /* Debug */,
				839DA9121F8D1F95009E05F3 /* Release */,
			);
			defaultConfigurationIsVisible = 0;
			defaultConfigurationName = Release;
		};
/* End XCConfigurationList section */
	};
	rootObject = 839DA9011F8D1F95009E05F3 /* Project object */;
}
